
Microsoft Visual Studio Solution File, Format Version 12.00
# Visual Studio Version 17
VisualStudioVersion = 17.10.34607.79
MinimumVisualStudioVersion = 10.0.40219.1
Project("{FAE04EC0-301F-11D3-BF4B-00C04F79EFBC}") = "DemoTestApp", "DemoTestApp\DemoTestApp.csproj", "{1218061E-1B68-4CFA-9286-70A5D97D428E}"
EndProject
Project("{FAE04EC0-301F-11D3-BF4B-00C04F79EFBC}") = "DemoTestApi", "DemoTestApi\DemoTestApi.csproj", "{169084FE-486A-41FC-BE91-65F89B70A877}"
EndProject
Project("{FAE04EC0-301F-11D3-BF4B-00C04F79EFBC}") = "Core", "Core\Core.csproj", "{BB102A58-016D-4C8B-9233-C01C84DE119C}"
EndProject
Global
	GlobalSection(SolutionConfigurationPlatforms) = preSolution
		Debug|Any CPU = Debug|Any CPU
		Release|Any CPU = Release|Any CPU
	EndGlobalSection
	GlobalSection(ProjectConfigurationPlatforms) = postSolution
		{1218061E-1B68-4CFA-9286-70A5D97D428E}.Debug|Any CPU.ActiveCfg = Debug|Any CPU
		{1218061E-1B68-4CFA-9286-70A5D97D428E}.Debug|Any CPU.Build.0 = Debug|Any CPU
		{1218061E-1B68-4CFA-9286-70A5D97D428E}.Release|Any CPU.ActiveCfg = Release|Any CPU
		{1218061E-1B68-4CFA-9286-70A5D97D428E}.Release|Any CPU.Build.0 = Release|Any CPU
		{169084FE-486A-41FC-BE91-65F89B70A877}.Debug|Any CPU.ActiveCfg = Debug|Any CPU
		{169084FE-486A-41FC-BE91-65F89B70A877}.Debug|Any CPU.Build.0 = Debug|Any CPU
		{169084FE-486A-41FC-BE91-65F89B70A877}.Release|Any CPU.ActiveCfg = Release|Any CPU
		{169084FE-486A-41FC-BE91-65F89B70A877}.Release|Any CPU.Build.0 = Release|Any CPU
		{BB102A58-016D-4C8B-9233-C01C84DE119C}.Debug|Any CPU.ActiveCfg = Debug|Any CPU
		{BB102A58-016D-4C8B-9233-C01C84DE119C}.Debug|Any CPU.Build.0 = Debug|Any CPU
		{BB102A58-016D-4C8B-9233-C01C84DE119C}.Release|Any CPU.ActiveCfg = Release|Any CPU
		{BB102A58-016D-4C8B-9233-C01C84DE119C}.Release|Any CPU.Build.0 = Release|Any CPU
	EndGlobalSection
	GlobalSection(SolutionProperties) = preSolution
		HideSolutionNode = FALSE
	EndGlobalSection
	GlobalSection(ExtensibilityGlobals) = postSolution
		SolutionGuid = {AB87C02E-EE91-479E-8337-099B2FF7F5FE}
	EndGlobalSection
EndGlobal
